github.com/google/uuid v1.3.0 h1:t6JiXgmwXMjEs8VusXIJk2BXHsn+wx8BZdTaoZ5fu7I=
github.com/google/uuid v1.3.0/go.mod h1:TIyPZe4MgqvfeYDBFedMoGGpEw/LqOeaOT+nhxU+yHo=
github.com/maplesing/id-genius v1.0.3 h1:AMfU7AgHuLQJzkSS3MW+xfaK5eGlmFzmz5jb/mrAFjg=
github.com/maplesing/id-genius v1.0.3/go.mod h1:5VyKF2SoEQjjxfPgS5cIjsQyirTzKM289rqvCPDCgzo=
